
Microsoft Visual Studio Solution File, Format Version 12.00
# Visual Studio Version 16
VisualStudioVersion = 16.0.31205.134
MinimumVisualStudioVersion = 10.0.40219.1
Project("{FAE04EC0-301F-11D3-BF4B-00C04F79EFBC}") = "CheckoutKata", "CheckoutKata\CheckoutKata.csproj", "{2544B08E-E80C-4A21-8CCA-4A43DCD1EA2D}"
EndProject
Project("{FAE04EC0-301F-11D3-BF4B-00C04F79EFBC}") = "CheckoutKataTest", "CheckoutKataTest\CheckoutKataTest.csproj", "{37F4D3AA-CB60-4EF4-9641-A0E69E5017A1}"
EndProject
Project("{2150E333-8FDC-42A3-9474-1A3956D46DE8}") = "Solution Items", "Solution Items", "{465B3063-93CC-44EC-9B40-DDD62C488AA7}"
	ProjectSection(SolutionItems) = preProject
		.gitignore = .gitignore
	EndProjectSection
EndProject
Global
	GlobalSection(SolutionConfigurationPlatforms) = preSolution
		Debug|Any CPU = Debug|Any CPU
		Release|Any CPU = Release|Any CPU
	EndGlobalSection
	GlobalSection(ProjectConfigurationPlatforms) = postSolution
		{2544B08E-E80C-4A21-8CCA-4A43DCD1EA2D}.Debug|Any CPU.ActiveCfg = Debug|Any CPU
		{2544B08E-E80C-4A21-8CCA-4A43DCD1EA2D}.Debug|Any CPU.Build.0 = Debug|Any CPU
		{2544B08E-E80C-4A21-8CCA-4A43DCD1EA2D}.Release|Any CPU.ActiveCfg = Release|Any CPU
		{2544B08E-E80C-4A21-8CCA-4A43DCD1EA2D}.Release|Any CPU.Build.0 = Release|Any CPU
		{37F4D3AA-CB60-4EF4-9641-A0E69E5017A1}.Debug|Any CPU.ActiveCfg = Debug|Any CPU
		{37F4D3AA-CB60-4EF4-9641-A0E69E5017A1}.Debug|Any CPU.Build.0 = Debug|Any CPU
		{37F4D3AA-CB60-4EF4-9641-A0E69E5017A1}.Release|Any CPU.ActiveCfg = Release|Any CPU
		{37F4D3AA-CB60-4EF4-9641-A0E69E5017A1}.Release|Any CPU.Build.0 = Release|Any CPU
	EndGlobalSection
	GlobalSection(SolutionProperties) = preSolution
		HideSolutionNode = FALSE
	EndGlobalSection
	GlobalSection(ExtensibilityGlobals) = postSolution
		SolutionGuid = {F84E0235-5B93-419B-B53B-D9F8CCD5A438}
	EndGlobalSection
EndGlobal
